{
  "name": "wasm-game-of-life",
  "version": "1.0.0",
  "lockfileVersion": 3,
  "requires": true,
  "packages": {
    "": {
      "name": "wasm-game-of-life",
      "version": "1.0.0",
      "license": "ISC",
      "dependencies": {
        "wasm-game-of-life": "file:./pkg"
      }
    },
    "../../../../../../usr/local/lib/node_modules/create-wasm-app": {
      "extraneous": true
    },
    "../pkg": {
      "extraneous": true
    },
    "node_modules/wasm-game-of-life": {
      "resolved": "pkg",
      "link": true
    },
    "pkg": {
      "name": "wasm-game-of-life",
      "version": "0.1.0"
    }
  }
}
